
Microsoft Visual Studio Solution File, Format Version 12.00
# Visual Studio Version 16
VisualStudioVersion = 25.0.1704.2
MinimumVisualStudioVersion = 10.0.40219.1
Project("{FAE04EC0-301F-11D3-BF4B-00C04F79EFBC}") = "Api", "Api\Api.csproj", "{0199C34E-9E8E-4B09-AE72-C289C991F738}"
EndProject
Global
	GlobalSection(SolutionConfigurationPlatforms) = preSolution
		Debug|Any CPU = Debug|Any CPU
		Release|Any CPU = Release|Any CPU
	EndGlobalSection
	GlobalSection(ProjectConfigurationPlatforms) = postSolution
		{0199C34E-9E8E-4B09-AE72-C289C991F738}.Debug|Any CPU.ActiveCfg = Debug|Any CPU
		{0199C34E-9E8E-4B09-AE72-C289C991F738}.Debug|Any CPU.Build.0 = Debug|Any CPU
		{0199C34E-9E8E-4B09-AE72-C289C991F738}.Release|Any CPU.ActiveCfg = Release|Any CPU
		{0199C34E-9E8E-4B09-AE72-C289C991F738}.Release|Any CPU.Build.0 = Release|Any CPU
	EndGlobalSection
	GlobalSection(SolutionProperties) = preSolution
		HideSolutionNode = FALSE
	EndGlobalSection
	GlobalSection(ExtensibilityGlobals) = postSolution
		SolutionGuid = {1CE72B5E-7DB5-4D5C-A99F-43C404E7AD78}
	EndGlobalSection
EndGlobal
